
Microsoft Visual Studio Solution File, Format Version 12.00
# Visual Studio 15
Project("{FAE04EC0-301F-11D3-BF4B-00C04F79EFBC}") = "SteamVR", "SteamVR.csproj", "{86B66229-C486-45D6-E8A9-FF374DC06F02}"
EndProject
Project("{FAE04EC0-301F-11D3-BF4B-00C04F79EFBC}") = "OEBIF", "OEBIF.csproj", "{AD730866-8E79-49F9-20CF-BFBBA6332068}"
EndProject
Project("{FAE04EC0-301F-11D3-BF4B-00C04F79EFBC}") = "Assembly-CSharp", "Assembly-CSharp.csproj", "{91489F69-672B-5594-2762-680F99B27910}"
EndProject
Project("{FAE04EC0-301F-11D3-BF4B-00C04F79EFBC}") = "SteamVR_Actions", "SteamVR_Actions.csproj", "{0DCDC0C4-8D27-BFC1-2BCA-EB7D0E6B9FAA}"
EndProject
Project("{FAE04EC0-301F-11D3-BF4B-00C04F79EFBC}") = "SteamVR_Editor", "SteamVR_Editor.csproj", "{456C07B8-DE73-CB69-7B7C-A831DD565C94}"
EndProject
Project("{FAE04EC0-301F-11D3-BF4B-00C04F79EFBC}") = "SteamVR_Input_Editor", "SteamVR_Input_Editor.csproj", "{44FEEE0D-D824-6CFD-3F28-C7A92B746DCD}"
EndProject
Project("{FAE04EC0-301F-11D3-BF4B-00C04F79EFBC}") = "SteamVR_Windows_EditorHelper", "SteamVR_Windows_EditorHelper.csproj", "{B682E43D-2D1A-EF96-1C4D-2804872ED38F}"
EndProject
Global
	GlobalSection(SolutionConfigurationPlatforms) = preSolution
		Debug|Any CPU = Debug|Any CPU
		Release|Any CPU = Release|Any CPU
	EndGlobalSection
	GlobalSection(ProjectConfigurationPlatforms) = postSolution
		{86B66229-C486-45D6-E8A9-FF374DC06F02}.Debug|Any CPU.ActiveCfg = Debug|Any CPU
		{86B66229-C486-45D6-E8A9-FF374DC06F02}.Debug|Any CPU.Build.0 = Debug|Any CPU
		{86B66229-C486-45D6-E8A9-FF374DC06F02}.Release|Any CPU.ActiveCfg = Release|Any CPU
		{86B66229-C486-45D6-E8A9-FF374DC06F02}.Release|Any CPU.Build.0 = Release|Any CPU
		{AD730866-8E79-49F9-20CF-BFBBA6332068}.Debug|Any CPU.ActiveCfg = Debug|Any CPU
		{AD730866-8E79-49F9-20CF-BFBBA6332068}.Debug|Any CPU.Build.0 = Debug|Any CPU
		{AD730866-8E79-49F9-20CF-BFBBA6332068}.Release|Any CPU.ActiveCfg = Release|Any CPU
		{AD730866-8E79-49F9-20CF-BFBBA6332068}.Release|Any CPU.Build.0 = Release|Any CPU
		{91489F69-672B-5594-2762-680F99B27910}.Debug|Any CPU.ActiveCfg = Debug|Any CPU
		{91489F69-672B-5594-2762-680F99B27910}.Debug|Any CPU.Build.0 = Debug|Any CPU
		{91489F69-672B-5594-2762-680F99B27910}.Release|Any CPU.ActiveCfg = Release|Any CPU
		{91489F69-672B-5594-2762-680F99B27910}.Release|Any CPU.Build.0 = Release|Any CPU
		{0DCDC0C4-8D27-BFC1-2BCA-EB7D0E6B9FAA}.Debug|Any CPU.ActiveCfg = Debug|Any CPU
		{0DCDC0C4-8D27-BFC1-2BCA-EB7D0E6B9FAA}.Debug|Any CPU.Build.0 = Debug|Any CPU
		{0DCDC0C4-8D27-BFC1-2BCA-EB7D0E6B9FAA}.Release|Any CPU.ActiveCfg = Release|Any CPU
		{0DCDC0C4-8D27-BFC1-2BCA-EB7D0E6B9FAA}.Release|Any CPU.Build.0 = Release|Any CPU
		{456C07B8-DE73-CB69-7B7C-A831DD565C94}.Debug|Any CPU.ActiveCfg = Debug|Any CPU
		{456C07B8-DE73-CB69-7B7C-A831DD565C94}.Debug|Any CPU.Build.0 = Debug|Any CPU
		{456C07B8-DE73-CB69-7B7C-A831DD565C94}.Release|Any CPU.ActiveCfg = Release|Any CPU
		{456C07B8-DE73-CB69-7B7C-A831DD565C94}.Release|Any CPU.Build.0 = Release|Any CPU
		{44FEEE0D-D824-6CFD-3F28-C7A92B746DCD}.Debug|Any CPU.ActiveCfg = Debug|Any CPU
		{44FEEE0D-D824-6CFD-3F28-C7A92B746DCD}.Debug|Any CPU.Build.0 = Debug|Any CPU
		{44FEEE0D-D824-6CFD-3F28-C7A92B746DCD}.Release|Any CPU.ActiveCfg = Release|Any CPU
		{44FEEE0D-D824-6CFD-3F28-C7A92B746DCD}.Release|Any CPU.Build.0 = Release|Any CPU
		{B682E43D-2D1A-EF96-1C4D-2804872ED38F}.Debug|Any CPU.ActiveCfg = Debug|Any CPU
		{B682E43D-2D1A-EF96-1C4D-2804872ED38F}.Debug|Any CPU.Build.0 = Debug|Any CPU
		{B682E43D-2D1A-EF96-1C4D-2804872ED38F}.Release|Any CPU.ActiveCfg = Release|Any CPU
		{B682E43D-2D1A-EF96-1C4D-2804872ED38F}.Release|Any CPU.Build.0 = Release|Any CPU
	EndGlobalSection
	GlobalSection(SolutionProperties) = preSolution
		HideSolutionNode = FALSE
	EndGlobalSection
EndGlobal
